# THIS IS AN AUTOGENERATED FILE. DO NOT EDIT THIS FILE DIRECTLY.
# yarn lockfile v1


"@babel/helper-string-parser@^7.27.1":
  version "7.27.1"
  resolved "https://registry.npmjs.org/@babel/helper-string-parser/-/helper-string-parser-7.27.1.tgz"
  integrity sha512-qMlSxKbpRlAridDExk92nSobyDdpPijUq2DW6oDnUqd0iOGxmQjyqhMIihI9+zv4LPyZdRje2cavWPbCbWm3eA==

"@babel/helper-validator-identifier@^7.27.1":
  version "7.27.1"
  resolved "https://registry.npmjs.org/@babel/helper-validator-identifier/-/helper-validator-identifier-7.27.1.tgz"
  integrity sha512-D2hP9eA+Sqx1kBZgzxZh0y1trbuU+JoDkiEwqhQ36nodYqJwyEIhPSdMNd7lOm/4io72luTPWH20Yda0xOuUow==

"@babel/parser@^7.28.4":
  version "7.28.4"
  resolved "https://registry.npmjs.org/@babel/parser/-/parser-7.28.4.tgz"
  integrity sha512-yZbBqeM6TkpP9du/I2pUZnJsRMGGvOuIrhjzC1AwHwW+6he4mni6Bp/m8ijn0iOuZuPI2BfkCoSRunpyjnrQKg==
  dependencies:
    "@babel/types" "^7.28.4"

"@babel/types@^7.28.4":
  version "7.28.4"
  resolved "https://registry.npmjs.org/@babel/types/-/types-7.28.4.tgz"
  integrity sha512-bkFqkLhh3pMBUQQkpVgWDWq/lqzc2678eUyDlTBhRqhCHFguYYGM0Efga7tYk4TogG/3x0EEl66/OQ+WGbWB/Q==
  dependencies:
    "@babel/helper-string-parser" "^7.27.1"
    "@babel/helper-validator-identifier" "^7.27.1"

"@esbuild/aix-ppc64@0.19.12":
  version "0.19.12"
  resolved "https://registry.yarnpkg.com/@esbuild/aix-ppc64/-/aix-ppc64-0.19.12.tgz#d1bc06aedb6936b3b6d313bf809a5a40387d2b7f"
  integrity sha512-bmoCYyWdEL3wDQIVbcyzRyeKLgk2WtWLTWz1ZIAZF/EGbNOwSA6ew3PftJ1PqMiOOGu0OyFMzG53L0zqIpPeNA==

"@esbuild/android-arm64@0.19.12":
  version "0.19.12"
  resolved "https://registry.yarnpkg.com/@esbuild/android-arm64/-/android-arm64-0.19.12.tgz#7ad65a36cfdb7e0d429c353e00f680d737c2aed4"
  integrity sha512-P0UVNGIienjZv3f5zq0DP3Nt2IE/3plFzuaS96vihvD0Hd6H/q4WXUGpCxD/E8YrSXfNyRPbpTq+T8ZQioSuPA==

"@esbuild/android-arm@0.19.12":
  version "0.19.12"
  resolved "https://registry.yarnpkg.com/@esbuild/android-arm/-/android-arm-0.19.12.tgz#b0c26536f37776162ca8bde25e42040c203f2824"
  integrity sha512-qg/Lj1mu3CdQlDEEiWrlC4eaPZ1KztwGJ9B6J+/6G+/4ewxJg7gqj8eVYWvao1bXrqGiW2rsBZFSX3q2lcW05w==

"@esbuild/android-x64@0.19.12":
  version "0.19.12"
  resolved "https://registry.yarnpkg.com/@esbuild/android-x64/-/android-x64-0.19.12.tgz#cb13e2211282012194d89bf3bfe7721273473b3d"
  integrity sha512-3k7ZoUW6Q6YqhdhIaq/WZ7HwBpnFBlW905Fa4s4qWJyiNOgT1dOqDiVAQFwBH7gBRZr17gLrlFCRzF6jFh7Kew==

"@esbuild/darwin-arm64@0.19.12":
  version "0.19.12"
  resolved "https://registry.yarnpkg.com/@esbuild/darwin-arm64/-/darwin-arm64-0.19.12.tgz#cbee41e988020d4b516e9d9e44dd29200996275e"
  integrity sha512-B6IeSgZgtEzGC42jsI+YYu9Z3HKRxp8ZT3cqhvliEHovq8HSX2YX8lNocDn79gCKJXOSaEot9MVYky7AKjCs8g==

"@esbuild/darwin-x64@0.19.12":
  version "0.19.12"
  resolved "https://registry.yarnpkg.com/@esbuild/darwin-x64/-/darwin-x64-0.19.12.tgz#e37d9633246d52aecf491ee916ece709f9d5f4cd"
  integrity sha512-hKoVkKzFiToTgn+41qGhsUJXFlIjxI/jSYeZf3ugemDYZldIXIxhvwN6erJGlX4t5h417iFuheZ7l+YVn05N3A==

"@esbuild/freebsd-arm64@0.19.12":
  version "0.19.12"
  resolved "https://registry.yarnpkg.com/@esbuild/freebsd-arm64/-/freebsd-arm64-0.19.12.tgz#1ee4d8b682ed363b08af74d1ea2b2b4dbba76487"
  integrity sha512-4aRvFIXmwAcDBw9AueDQ2YnGmz5L6obe5kmPT8Vd+/+x/JMVKCgdcRwH6APrbpNXsPz+K653Qg8HB/oXvXVukA==

"@esbuild/freebsd-x64@0.19.12":
  version "0.19.12"
  resolved "https://registry.yarnpkg.com/@esbuild/freebsd-x64/-/freebsd-x64-0.19.12.tgz#37a693553d42ff77cd7126764b535fb6cc28a11c"
  integrity sha512-EYoXZ4d8xtBoVN7CEwWY2IN4ho76xjYXqSXMNccFSx2lgqOG/1TBPW0yPx1bJZk94qu3tX0fycJeeQsKovA8gg==

"@esbuild/linux-arm64@0.19.12":
  version "0.19.12"
  resolved "https://registry.yarnpkg.com/@esbuild/linux-arm64/-/linux-arm64-0.19.12.tgz#be9b145985ec6c57470e0e051d887b09dddb2d4b"
  integrity sha512-EoTjyYyLuVPfdPLsGVVVC8a0p1BFFvtpQDB/YLEhaXyf/5bczaGeN15QkR+O4S5LeJ92Tqotve7i1jn35qwvdA==

"@esbuild/linux-arm@0.19.12":
  version "0.19.12"
  resolved "https://registry.yarnpkg.com/@esbuild/linux-arm/-/linux-arm-0.19.12.tgz#207ecd982a8db95f7b5279207d0ff2331acf5eef"
  integrity sha512-J5jPms//KhSNv+LO1S1TX1UWp1ucM6N6XuL6ITdKWElCu8wXP72l9MM0zDTzzeikVyqFE6U8YAV9/tFyj0ti+w==

"@esbuild/linux-ia32@0.19.12":
  version "0.19.12"
  resolved "https://registry.yarnpkg.com/@esbuild/linux-ia32/-/linux-ia32-0.19.12.tgz#d0d86b5ca1562523dc284a6723293a52d5860601"
  integrity sha512-Thsa42rrP1+UIGaWz47uydHSBOgTUnwBwNq59khgIwktK6x60Hivfbux9iNR0eHCHzOLjLMLfUMLCypBkZXMHA==

"@esbuild/linux-loong64@0.19.12":
  version "0.19.12"
  resolved "https://registry.yarnpkg.com/@esbuild/linux-loong64/-/linux-loong64-0.19.12.tgz#9a37f87fec4b8408e682b528391fa22afd952299"
  integrity sha512-LiXdXA0s3IqRRjm6rV6XaWATScKAXjI4R4LoDlvO7+yQqFdlr1Bax62sRwkVvRIrwXxvtYEHHI4dm50jAXkuAA==

"@esbuild/linux-mips64el@0.19.12":
  version "0.19.12"
  resolved "https://registry.yarnpkg.com/@esbuild/linux-mips64el/-/linux-mips64el-0.19.12.tgz#4ddebd4e6eeba20b509d8e74c8e30d8ace0b89ec"
  integrity sha512-fEnAuj5VGTanfJ07ff0gOA6IPsvrVHLVb6Lyd1g2/ed67oU1eFzL0r9WL7ZzscD+/N6i3dWumGE1Un4f7Amf+w==

"@esbuild/linux-ppc64@0.19.12":
  version "0.19.12"
  resolved "https://registry.yarnpkg.com/@esbuild/linux-ppc64/-/linux-ppc64-0.19.12.tgz#adb67dadb73656849f63cd522f5ecb351dd8dee8"
  integrity sha512-nYJA2/QPimDQOh1rKWedNOe3Gfc8PabU7HT3iXWtNUbRzXS9+vgB0Fjaqr//XNbd82mCxHzik2qotuI89cfixg==

"@esbuild/linux-riscv64@0.19.12":
  version "0.19.12"
  resolved "https://registry.yarnpkg.com/@esbuild/linux-riscv64/-/linux-riscv64-0.19.12.tgz#11bc0698bf0a2abf8727f1c7ace2112612c15adf"
  integrity sha512-2MueBrlPQCw5dVJJpQdUYgeqIzDQgw3QtiAHUC4RBz9FXPrskyyU3VI1hw7C0BSKB9OduwSJ79FTCqtGMWqJHg==

"@esbuild/linux-s390x@0.19.12":
  version "0.19.12"
  resolved "https://registry.yarnpkg.com/@esbuild/linux-s390x/-/linux-s390x-0.19.12.tgz#e86fb8ffba7c5c92ba91fc3b27ed5a70196c3cc8"
  integrity sha512-+Pil1Nv3Umes4m3AZKqA2anfhJiVmNCYkPchwFJNEJN5QxmTs1uzyy4TvmDrCRNT2ApwSari7ZIgrPeUx4UZDg==

"@esbuild/linux-x64@0.19.12":
  version "0.19.12"
  resolved "https://registry.npmjs.org/@esbuild/linux-x64/-/linux-x64-0.19.12.tgz"
  integrity sha512-B71g1QpxfwBvNrfyJdVDexenDIt1CiDN1TIXLbhOw0KhJzE78KIFGX6OJ9MrtC0oOqMWf+0xop4qEU8JrJTwCg==

"@esbuild/netbsd-x64@0.19.12":
  version "0.19.12"
  resolved "https://registry.yarnpkg.com/@esbuild/netbsd-x64/-/netbsd-x64-0.19.12.tgz#29da566a75324e0d0dd7e47519ba2f7ef168657b"
  integrity sha512-3ltjQ7n1owJgFbuC61Oj++XhtzmymoCihNFgT84UAmJnxJfm4sYCiSLTXZtE00VWYpPMYc+ZQmB6xbSdVh0JWA==

"@esbuild/openbsd-x64@0.19.12":
  version "0.19.12"
  resolved "https://registry.yarnpkg.com/@esbuild/openbsd-x64/-/openbsd-x64-0.19.12.tgz#306c0acbdb5a99c95be98bdd1d47c916e7dc3ff0"
  integrity sha512-RbrfTB9SWsr0kWmb9srfF+L933uMDdu9BIzdA7os2t0TXhCRjrQyCeOt6wVxr79CKD4c+p+YhCj31HBkYcXebw==

"@esbuild/sunos-x64@0.19.12":
  version "0.19.12"
  resolved "https://registry.yarnpkg.com/@esbuild/sunos-x64/-/sunos-x64-0.19.12.tgz#0933eaab9af8b9b2c930236f62aae3fc593faf30"
  integrity sha512-HKjJwRrW8uWtCQnQOz9qcU3mUZhTUQvi56Q8DPTLLB+DawoiQdjsYq+j+D3s9I8VFtDr+F9CjgXKKC4ss89IeA==

"@esbuild/win32-arm64@0.19.12":
  version "0.19.12"
  resolved "https://registry.yarnpkg.com/@esbuild/win32-arm64/-/win32-arm64-0.19.12.tgz#773bdbaa1971b36db2f6560088639ccd1e6773ae"
  integrity sha512-URgtR1dJnmGvX864pn1B2YUYNzjmXkuJOIqG2HdU62MVS4EHpU2946OZoTMnRUHklGtJdJZ33QfzdjGACXhn1A==

"@esbuild/win32-ia32@0.19.12":
  version "0.19.12"
  resolved "https://registry.yarnpkg.com/@esbuild/win32-ia32/-/win32-ia32-0.19.12.tgz#000516cad06354cc84a73f0943a4aa690ef6fd67"
  integrity sha512-+ZOE6pUkMOJfmxmBZElNOx72NKpIa/HFOMGzu8fqzQJ5kgf6aTGrcJaFsNiVMH4JKpMipyK+7k0n2UXN7a8YKQ==

"@esbuild/win32-x64@0.19.12":
  version "0.19.12"
  resolved "https://registry.yarnpkg.com/@esbuild/win32-x64/-/win32-x64-0.19.12.tgz#c57c8afbb4054a3ab8317591a0b7320360b444ae"
  integrity sha512-T1QyPSDCyMXaO3pzBkF96E8xMkiRYbUEZADd29SyPGabqxMViNoii+NcK7eWJAEoU6RZyEm5lVSIjTmcdoB9HA==

"@jridgewell/sourcemap-codec@^1.5.5":
  version "1.5.5"
  resolved "https://registry.npmjs.org/@jridgewell/sourcemap-codec/-/sourcemap-codec-1.5.5.tgz"
  integrity sha512-cYQ9310grqxueWbl+WuIUIaiUaDcj7WOq5fVhEljNVgRfOUhY9fy2zTvfoqWsnebh8Sl70VScFbICvJnLKB0Og==

"@popperjs/core@^2.11.8":
  version "2.11.8"
  resolved "https://registry.npmjs.org/@popperjs/core/-/core-2.11.8.tgz"
  integrity sha512-P1st0aksCrn9sGZhp8GMYwBnQsbvAWsZAX44oXNNvLHGqAOcoVxmjZiohstwQ7SqKnbR47akdNi+uleWD8+g6A==

"@rollup/rollup-android-arm-eabi@4.52.2":
  version "4.52.2"
  resolved "https://registry.yarnpkg.com/@rollup/rollup-android-arm-eabi/-/rollup-android-arm-eabi-4.52.2.tgz#3a43e904367cd6147c5a8de9df4ff7ffa48634ec"
  integrity sha512-o3pcKzJgSGt4d74lSZ+OCnHwkKBeAbFDmbEm5gg70eA8VkyCuC/zV9TwBnmw6VjDlRdF4Pshfb+WE9E6XY1PoQ==

"@rollup/rollup-android-arm64@4.52.2":
  version "4.52.2"
  resolved "https://registry.yarnpkg.com/@rollup/rollup-android-arm64/-/rollup-android-arm64-4.52.2.tgz#7af548eefb4def2fb678a207ff0236a045678be7"
  integrity sha512-cqFSWO5tX2vhC9hJTK8WAiPIm4Q8q/cU8j2HQA0L3E1uXvBYbOZMhE2oFL8n2pKB5sOCHY6bBuHaRwG7TkfJyw==

"@rollup/rollup-darwin-arm64@4.52.2":
  version "4.52.2"
  resolved "https://registry.yarnpkg.com/@rollup/rollup-darwin-arm64/-/rollup-darwin-arm64-4.52.2.tgz#13a9b8d3e31e7425b71d0caf13527ead19baf27a"
  integrity sha512-vngduywkkv8Fkh3wIZf5nFPXzWsNsVu1kvtLETWxTFf/5opZmflgVSeLgdHR56RQh71xhPhWoOkEBvbehwTlVA==

"@rollup/rollup-darwin-x64@4.52.2":
  version "4.52.2"
  resolved "https://registry.yarnpkg.com/@rollup/rollup-darwin-x64/-/rollup-darwin-x64-4.52.2.tgz#c794e406914ff9e3ffbfe994080590135e70ad9a"
  integrity sha512-h11KikYrUCYTrDj6h939hhMNlqU2fo/X4NB0OZcys3fya49o1hmFaczAiJWVAFgrM1NCP6RrO7lQKeVYSKBPSQ==

"@rollup/rollup-freebsd-arm64@4.52.2":
  version "4.52.2"
  resolved "https://registry.yarnpkg.com/@rollup/rollup-freebsd-arm64/-/rollup-freebsd-arm64-4.52.2.tgz#63fa5783edd02a7aae141fc718e1f26882736c2b"
  integrity sha512-/eg4CI61ZUkLXxMHyVlmlGrSQZ34xqWlZNW43IAU4RmdzWEx0mQJ2mN/Cx4IHLVZFL6UBGAh+/GXhgvGb+nVxw==

"@rollup/rollup-freebsd-x64@4.52.2":
  version "4.52.2"
  resolved "https://registry.yarnpkg.com/@rollup/rollup-freebsd-x64/-/rollup-freebsd-x64-4.52.2.tgz#5c22816795cebb4f64d6440dd52951e5948ed1e3"
  integrity sha512-QOWgFH5X9+p+S1NAfOqc0z8qEpJIoUHf7OWjNUGOeW18Mx22lAUOiA9b6r2/vpzLdfxi/f+VWsYjUOMCcYh0Ng==

"@rollup/rollup-linux-arm-gnueabihf@4.52.2":
  version "4.52.2"
  resolved "https://registry.yarnpkg.com/@rollup/rollup-linux-arm-gnueabihf/-/rollup-linux-arm-gnueabihf-4.52.2.tgz#e65c6cf40153e06cfc7d2e15bb9ce8333a033649"
  integrity sha512-kDWSPafToDd8LcBYd1t5jw7bD5Ojcu12S3uT372e5HKPzQt532vW+rGFFOaiR0opxePyUkHrwz8iWYEyH1IIQA==

"@rollup/rollup-linux-arm-musleabihf@4.52.2":
  version "4.52.2"
  resolved "https://registry.yarnpkg.com/@rollup/rollup-linux-arm-musleabihf/-/rollup-linux-arm-musleabihf-4.52.2.tgz#d17ffee4a8b73d9dac55590748f8ec1d88c9398d"
  integrity sha512-gKm7Mk9wCv6/rkzwCiUC4KnevYhlf8ztBrDRT9g/u//1fZLapSRc+eDZj2Eu2wpJ+0RzUKgtNijnVIB4ZxyL+w==

"@rollup/rollup-linux-arm64-gnu@4.52.2":
  version "4.52.2"
  resolved "https://registry.yarnpkg.com/@rollup/rollup-linux-arm64-gnu/-/rollup-linux-arm64-gnu-4.52.2.tgz#b359b24b1c1f40f5920d2fd827fde1407608a941"
  integrity sha512-66lA8vnj5mB/rtDNwPgrrKUOtCLVQypkyDa2gMfOefXK6rcZAxKLO9Fy3GkW8VkPnENv9hBkNOFfGLf6rNKGUg==

"@rollup/rollup-linux-arm64-musl@4.52.2":
  version "4.52.2"
  resolved "https://registry.yarnpkg.com/@rollup/rollup-linux-arm64-musl/-/rollup-linux-arm64-musl-4.52.2.tgz#d8260f24d292525b03e5c257dee8e46de0df61bc"
  integrity sha512-s+OPucLNdJHvuZHuIz2WwncJ+SfWHFEmlC5nKMUgAelUeBUnlB4wt7rXWiyG4Zn07uY2Dd+SGyVa9oyLkVGOjA==

"@rollup/rollup-linux-loong64-gnu@4.52.2":
  version "4.52.2"
  resolved "https://registry.yarnpkg.com/@rollup/rollup-linux-loong64-gnu/-/rollup-linux-loong64-gnu-4.52.2.tgz#da159bad4467c41868a0803d4009839aac2f38d3"
  integrity sha512-8wTRM3+gVMDLLDdaT6tKmOE3lJyRy9NpJUS/ZRWmLCmOPIJhVyXwjBo+XbrrwtV33Em1/eCTd5TuGJm4+DmYjw==

"@rollup/rollup-linux-ppc64-gnu@4.52.2":
  version "4.52.2"
  resolved "https://registry.yarnpkg.com/@rollup/rollup-linux-ppc64-gnu/-/rollup-linux-ppc64-gnu-4.52.2.tgz#f0b10d49210bef2eed9ae7a0ec9ef3e3bf1beffd"
  integrity sha512-6yqEfgJ1anIeuP2P/zhtfBlDpXUb80t8DpbYwXQ3bQd95JMvUaqiX+fKqYqUwZXqdJDd8xdilNtsHM2N0cFm6A==

"@rollup/rollup-linux-riscv64-gnu@4.52.2":
  version "4.52.2"
  resolved "https://registry.yarnpkg.com/@rollup/rollup-linux-riscv64-gnu/-/rollup-linux-riscv64-gnu-4.52.2.tgz#f3d023dc14669780de638c662b3ecf6431253bb8"
  integrity sha512-sshYUiYVSEI2B6dp4jMncwxbrUqRdNApF2c3bhtLAU0qA8Lrri0p0NauOsTWh3yCCCDyBOjESHMExonp7Nzc0w==

"@rollup/rollup-linux-riscv64-musl@4.52.2":
  version "4.52.2"
  resolved "https://registry.yarnpkg.com/@rollup/rollup-linux-riscv64-musl/-/rollup-linux-riscv64-musl-4.52.2.tgz#1c451e83ae32ad926c3af90a0a64073d432aa179"
  integrity sha512-duBLgd+3pqC4MMwBrKkFxaZerUxZcYApQVC5SdbF5/e/589GwVvlRUnyqMFbM8iUSb1BaoX/3fRL7hB9m2Pj8Q==

"@rollup/rollup-linux-s390x-gnu@4.52.2":
  version "4.52.2"
  resolved "https://registry.yarnpkg.com/@rollup/rollup-linux-s390x-gnu/-/rollup-linux-s390x-gnu-4.52.2.tgz#ca91af9d54132db20f06ffdf6b81720aeb434e7b"
  integrity sha512-tzhYJJidDUVGMgVyE+PmxENPHlvvqm1KILjjZhB8/xHYqAGeizh3GBGf9u6WdJpZrz1aCpIIHG0LgJgH9rVjHQ==

"@rollup/rollup-linux-x64-gnu@4.52.2":
  version "4.52.2"
  resolved "https://registry.npmjs.org/@rollup/rollup-linux-x64-gnu/-/rollup-linux-x64-gnu-4.52.2.tgz"
  integrity sha512-opH8GSUuVcCSSyHHcl5hELrmnk4waZoVpgn/4FDao9iyE4WpQhyWJ5ryl5M3ocp4qkRuHfyXnGqg8M9oKCEKRA==

"@rollup/rollup-linux-x64-musl@4.52.2":
  version "4.52.2"
  resolved "https://registry.npmjs.org/@rollup/rollup-linux-x64-musl/-/rollup-linux-x64-musl-4.52.2.tgz"
  integrity sha512-LSeBHnGli1pPKVJ79ZVJgeZWWZXkEe/5o8kcn23M8eMKCUANejchJbF/JqzM4RRjOJfNRhKJk8FuqL1GKjF5oQ==

"@rollup/rollup-openharmony-arm64@4.52.2":
  version "4.52.2"
  resolved "https://registry.yarnpkg.com/@rollup/rollup-openharmony-arm64/-/rollup-openharmony-arm64-4.52.2.tgz#4bd9469e14c178186c5c594a7d418aaeb031df81"
  integrity sha512-uPj7MQ6/s+/GOpolavm6BPo+6CbhbKYyZHUDvZ/SmJM7pfDBgdGisFX3bY/CBDMg2ZO4utfhlApkSfZ92yXw7Q==

"@rollup/rollup-win32-arm64-msvc@4.52.2":
  version "4.52.2"
  resolved "https://registry.yarnpkg.com/@rollup/rollup-win32-arm64-msvc/-/rollup-win32-arm64-msvc-4.52.2.tgz#3e82d9cfcbcf268dbb861c49f631b17a68ed0411"
  integrity sha512-Z9MUCrSgIaUeeHAiNkm3cQyst2UhzjPraR3gYYfOjAuZI7tcFRTOD+4cHLPoS/3qinchth+V56vtqz1Tv+6KPA==

"@rollup/rollup-win32-ia32-msvc@4.52.2":
  version "4.52.2"
  resolved "https://registry.yarnpkg.com/@rollup/rollup-win32-ia32-msvc/-/rollup-win32-ia32-msvc-4.52.2.tgz#f4e68265d5c758afd2e1c6ff13319558b0c8a205"
  integrity sha512-+GnYBmpjldD3XQd+HMejo+0gJGwYIOfFeoBQv32xF/RUIvccUz20/V6Otdv+57NE70D5pa8W/jVGDoGq0oON4A==

"@rollup/rollup-win32-x64-gnu@4.52.2":
  version "4.52.2"
  resolved "https://registry.yarnpkg.com/@rollup/rollup-win32-x64-gnu/-/rollup-win32-x64-gnu-4.52.2.tgz#54f9e64b3550416c8520e3dc22301ef8e454b37e"
  integrity sha512-ApXFKluSB6kDQkAqZOKXBjiaqdF1BlKi+/eqnYe9Ee7U2K3pUDKsIyr8EYm/QDHTJIM+4X+lI0gJc3TTRhd+dA==

"@rollup/rollup-win32-x64-msvc@4.52.2":
  version "4.52.2"
  resolved "https://registry.yarnpkg.com/@rollup/rollup-win32-x64-msvc/-/rollup-win32-x64-msvc-4.52.2.tgz#cf83e2c56b581bad4614eeb3d2da5b5917ed34ec"
  integrity sha512-ARz+Bs8kY6FtitYM96PqPEVvPXqEZmPZsSkXvyX19YzDqkCaIlhCieLLMI5hxO9SRZ2XtCtm8wxhy0iJ2jxNfw==

"@types/estree@1.0.8":
  version "1.0.8"
  resolved "https://registry.npmjs.org/@types/estree/-/estree-1.0.8.tgz"
  integrity sha512-dWHzHa2WqEXI/O1E9OjrocMTKJl2mSrEolh1Iomrv6U+JuNwaHXsXx9bLu5gG7BUWFIN0skIQJQ/L1rIex4X6w==

"@types/node@^20.0.0":
  version "20.19.17"
  resolved "https://registry.npmjs.org/@types/node/-/node-20.19.17.tgz"
  integrity sha512-gfehUI8N1z92kygssiuWvLiwcbOB3IRktR6hTDgJlXMYh5OvkPSRmgfoBUmfZt+vhwJtX7v1Yw4KvvAf7c5QKQ==
  dependencies:
    undici-types "~6.21.0"

"@vitejs/plugin-vue@5.0.0":
  version "5.0.0"
  resolved "https://registry.npmjs.org/@vitejs/plugin-vue/-/plugin-vue-5.0.0.tgz"
  integrity sha512-7x5e8X4J1Wi4NxudGjJBd2OFerAi/0nzF80ojCzvfj347WVr0YSn82C8BSsgwSHzlk9Kw5xnZfj0/7RLnNwP5w==

"@volar/language-core@2.4.23":
  version "2.4.23"
  resolved "https://registry.npmjs.org/@volar/language-core/-/language-core-2.4.23.tgz"
  integrity sha512-hEEd5ET/oSmBC6pi1j6NaNYRWoAiDhINbT8rmwtINugR39loROSlufGdYMF9TaKGfz+ViGs1Idi3mAhnuPcoGQ==
  dependencies:
    "@volar/source-map" "2.4.23"

"@volar/source-map@2.4.23":
  version "2.4.23"
  resolved "https://registry.npmjs.org/@volar/source-map/-/source-map-2.4.23.tgz"
  integrity sha512-Z1Uc8IB57Lm6k7q6KIDu/p+JWtf3xsXJqAX/5r18hYOTpJyBn0KXUR8oTJ4WFYOcDzWC9n3IflGgHowx6U6z9Q==

"@volar/typescript@2.4.23":
  version "2.4.23"
  resolved "https://registry.npmjs.org/@volar/typescript/-/typescript-2.4.23.tgz"
  integrity sha512-lAB5zJghWxVPqfcStmAP1ZqQacMpe90UrP5RJ3arDyrhy4aCUQqmxPPLB2PWDKugvylmO41ljK7vZ+t6INMTag==
  dependencies:
    "@volar/language-core" "2.4.23"
    path-browserify "^1.0.1"
    vscode-uri "^3.0.8"

"@vue/compiler-core@3.5.22":
  version "3.5.22"
  resolved "https://registry.npmjs.org/@vue/compiler-core/-/compiler-core-3.5.22.tgz"
  integrity sha512-jQ0pFPmZwTEiRNSb+i9Ow/I/cHv2tXYqsnHKKyCQ08irI2kdF5qmYedmF8si8mA7zepUFmJ2hqzS8CQmNOWOkQ==
  dependencies:
    "@babel/parser" "^7.28.4"
    "@vue/shared" "3.5.22"
    entities "^4.5.0"
    estree-walker "^2.0.2"
    source-map-js "^1.2.1"

"@vue/compiler-dom@3.5.22", "@vue/compiler-dom@^3.5.0":
  version "3.5.22"
  resolved "https://registry.npmjs.org/@vue/compiler-dom/-/compiler-dom-3.5.22.tgz"
  integrity sha512-W8RknzUM1BLkypvdz10OVsGxnMAuSIZs9Wdx1vzA3mL5fNMN15rhrSCLiTm6blWeACwUwizzPVqGJgOGBEN/hA==
  dependencies:
    "@vue/compiler-core" "3.5.22"
    "@vue/shared" "3.5.22"

"@vue/compiler-sfc@3.5.22":
  version "3.5.22"
  resolved "https://registry.npmjs.org/@vue/compiler-sfc/-/compiler-sfc-3.5.22.tgz"
  integrity sha512-tbTR1zKGce4Lj+JLzFXDq36K4vcSZbJ1RBu8FxcDv1IGRz//Dh2EBqksyGVypz3kXpshIfWKGOCcqpSbyGWRJQ==
  dependencies:
    "@babel/parser" "^7.28.4"
    "@vue/compiler-core" "3.5.22"
    "@vue/compiler-dom" "3.5.22"
    "@vue/compiler-ssr" "3.5.22"
    "@vue/shared" "3.5.22"
    estree-walker "^2.0.2"
    magic-string "^0.30.19"
    postcss "^8.5.6"
    source-map-js "^1.2.1"

"@vue/compiler-ssr@3.5.22":
  version "3.5.22"
  resolved "https://registry.npmjs.org/@vue/compiler-ssr/-/compiler-ssr-3.5.22.tgz"
  integrity sha512-GdgyLvg4R+7T8Nk2Mlighx7XGxq/fJf9jaVofc3IL0EPesTE86cP/8DD1lT3h1JeZr2ySBvyqKQJgbS54IX1Ww==
  dependencies:
    "@vue/compiler-dom" "3.5.22"
    "@vue/shared" "3.5.22"

"@vue/compiler-vue2@^2.7.16":
  version "2.7.16"
  resolved "https://registry.npmjs.org/@vue/compiler-vue2/-/compiler-vue2-2.7.16.tgz"
  integrity sha512-qYC3Psj9S/mfu9uVi5WvNZIzq+xnXMhOwbTFKKDD7b1lhpnn71jXSFdTQ+WsIEk0ONCd7VV2IMm7ONl6tbQ86A==
  dependencies:
    de-indent "^1.0.2"
    he "^1.2.0"

"@vue/devtools-api@^6.6.4":
  version "6.6.4"
  resolved "https://registry.npmjs.org/@vue/devtools-api/-/devtools-api-6.6.4.tgz"
  integrity sha512-sGhTPMuXqZ1rVOk32RylztWkfXTRhuS7vgAKv0zjqk8gbsHkJ7xfFf+jbySxt7tWObEJwyKaHMikV/WGDiQm8g==

"@vue/language-core@3.0.8":
  version "3.0.8"
  resolved "https://registry.npmjs.org/@vue/language-core/-/language-core-3.0.8.tgz"
  integrity sha512-eYs6PF7bxoPYvek9qxceo1BCwFbJZYqJll+WaYC8o8ec60exqj+n+QRGGiJHSeUfYp0hDxARbMdxMq/fbPgU5g==
  dependencies:
    "@volar/language-core" "2.4.23"
    "@vue/compiler-dom" "^3.5.0"
    "@vue/compiler-vue2" "^2.7.16"
    "@vue/shared" "^3.5.0"
    alien-signals "^2.0.5"
    muggle-string "^0.4.1"
    path-browserify "^1.0.1"
    picomatch "^4.0.2"

"@vue/reactivity@3.5.22":
  version "3.5.22"
  resolved "https://registry.npmjs.org/@vue/reactivity/-/reactivity-3.5.22.tgz"
  integrity sha512-f2Wux4v/Z2pqc9+4SmgZC1p73Z53fyD90NFWXiX9AKVnVBEvLFOWCEgJD3GdGnlxPZt01PSlfmLqbLYzY/Fw4A==
  dependencies:
    "@vue/shared" "3.5.22"

"@vue/runtime-core@3.5.22":
  version "3.5.22"
  resolved "https://registry.npmjs.org/@vue/runtime-core/-/runtime-core-3.5.22.tgz"
  integrity sha512-EHo4W/eiYeAzRTN5PCextDUZ0dMs9I8mQ2Fy+OkzvRPUYQEyK9yAjbasrMCXbLNhF7P0OUyivLjIy0yc6VrLJQ==
  dependencies:
    "@vue/reactivity" "3.5.22"
    "@vue/shared" "3.5.22"

"@vue/runtime-dom@3.5.22":
  version "3.5.22"
  resolved "https://registry.npmjs.org/@vue/runtime-dom/-/runtime-dom-3.5.22.tgz"
  integrity sha512-Av60jsryAkI023PlN7LsqrfPvwfxOd2yAwtReCjeuugTJTkgrksYJJstg1e12qle0NarkfhfFu1ox2D+cQotww==
  dependencies:
    "@vue/reactivity" "3.5.22"
    "@vue/runtime-core" "3.5.22"
    "@vue/shared" "3.5.22"
    csstype "^3.1.3"

"@vue/server-renderer@3.5.22":
  version "3.5.22"
  resolved "https://registry.npmjs.org/@vue/server-renderer/-/server-renderer-3.5.22.tgz"
  integrity sha512-gXjo+ao0oHYTSswF+a3KRHZ1WszxIqO7u6XwNHqcqb9JfyIL/pbWrrh/xLv7jeDqla9u+LK7yfZKHih1e1RKAQ==
  dependencies:
    "@vue/compiler-ssr" "3.5.22"
    "@vue/shared" "3.5.22"

"@vue/shared@3.5.22", "@vue/shared@^3.5.0":
  version "3.5.22"
  resolved "https://registry.npmjs.org/@vue/shared/-/shared-3.5.22.tgz"
  integrity sha512-F4yc6palwq3TT0u+FYf0Ns4Tfl9GRFURDN2gWG7L1ecIaS/4fCIuFOjMTnCyjsu/OK6vaDKLCrGAa+KvvH+h4w==

"@vue/tsconfig@^0.5.0":
  version "0.5.1"
  resolved "https://registry.npmjs.org/@vue/tsconfig/-/tsconfig-0.5.1.tgz"
  integrity sha512-VcZK7MvpjuTPx2w6blwnwZAu5/LgBUtejFOi3pPGQFXQN5Ela03FUtd2Qtg4yWGGissVL0dr6Ro1LfOFh+PCuQ==

alien-signals@^2.0.5:
  version "2.0.7"
  resolved "https://registry.npmjs.org/alien-signals/-/alien-signals-2.0.7.tgz"
  integrity sha512-wE7y3jmYeb0+h6mr5BOovuqhFv22O/MV9j5p0ndJsa7z1zJNPGQ4ph5pQk/kTTCWRC3xsA4SmtwmkzQO+7NCNg==

bootstrap-icons@^1.13.1:
  version "1.13.1"
  resolved "https://registry.npmjs.org/bootstrap-icons/-/bootstrap-icons-1.13.1.tgz"
  integrity sha512-ijombt4v6bv5CLeXvRWKy7CuM3TRTuPEuGaGKvTV5cz65rQSY8RQ2JcHt6b90cBBAC7s8fsf2EkQDldzCoXUjw==

bootstrap@^5.3.0:
  version "5.3.8"
  resolved "https://registry.npmjs.org/bootstrap/-/bootstrap-5.3.8.tgz"
  integrity sha512-HP1SZDqaLDPwsNiqRqi5NcP0SSXciX2s9E+RyqJIIqGo+vJeN5AJVM98CXmW/Wux0nQ5L7jeWUdplCEf0Ee+tg==

csstype@^3.1.3:
  version "3.1.3"
  resolved "https://registry.npmjs.org/csstype/-/csstype-3.1.3.tgz"
  integrity sha512-M1uQkMl8rQK/szD0LNhtqxIPLpimGm8sOBwU7lLnCpSbTyY3yeU1Vc7l4KT5zT4s/yOxHH5O7tIuuLOCnLADRw==

de-indent@^1.0.2:
  version "1.0.2"
  resolved "https://registry.npmjs.org/de-indent/-/de-indent-1.0.2.tgz"
  integrity sha512-e/1zu3xH5MQryN2zdVaF0OrdNLUbvWxzMbi+iNA6Bky7l1RoP8a2fIbRocyHclXt/arDrrR6lL3TqFD9pMQTsg==

entities@^4.5.0:
  version "4.5.0"
  resolved "https://registry.npmjs.org/entities/-/entities-4.5.0.tgz"
  integrity sha512-V0hjH4dGPh9Ao5p0MoRY6BVqtwCjhz6vI5LT8AJ55H+4g9/4vbHx1I54fS0XuclLhDHArPQCiMjDxjaL8fPxhw==

esbuild@^0.19.3:
  version "0.19.12"
  resolved "https://registry.npmjs.org/esbuild/-/esbuild-0.19.12.tgz"
  integrity sha512-aARqgq8roFBj054KvQr5f1sFu0D65G+miZRCuJyJ0G13Zwx7vRar5Zhn2tkQNzIXcBrNVsv/8stehpj+GAjgbg==
  optionalDependencies:
    "@esbuild/aix-ppc64" "0.19.12"
    "@esbuild/android-arm" "0.19.12"
    "@esbuild/android-arm64" "0.19.12"
    "@esbuild/android-x64" "0.19.12"
    "@esbuild/darwin-arm64" "0.19.12"
    "@esbuild/darwin-x64" "0.19.12"
    "@esbuild/freebsd-arm64" "0.19.12"
    "@esbuild/freebsd-x64" "0.19.12"
    "@esbuild/linux-arm" "0.19.12"
    "@esbuild/linux-arm64" "0.19.12"
    "@esbuild/linux-ia32" "0.19.12"
    "@esbuild/linux-loong64" "0.19.12"
    "@esbuild/linux-mips64el" "0.19.12"
    "@esbuild/linux-ppc64" "0.19.12"
    "@esbuild/linux-riscv64" "0.19.12"
    "@esbuild/linux-s390x" "0.19.12"
    "@esbuild/linux-x64" "0.19.12"
    "@esbuild/netbsd-x64" "0.19.12"
    "@esbuild/openbsd-x64" "0.19.12"
    "@esbuild/sunos-x64" "0.19.12"
    "@esbuild/win32-arm64" "0.19.12"
    "@esbuild/win32-ia32" "0.19.12"
    "@esbuild/win32-x64" "0.19.12"

estree-walker@^2.0.2:
  version "2.0.2"
  resolved "https://registry.npmjs.org/estree-walker/-/estree-walker-2.0.2.tgz"
  integrity sha512-Rfkk/Mp/DL7JVje3u18FxFujQlTNR2q6QfMSMB7AvCBx91NGj/ba3kCfza0f6dVDbw7YlRf/nDrn7pQrCCyQ/w==

fsevents@~2.3.2, fsevents@~2.3.3:
  version "2.3.3"
  resolved "https://registry.yarnpkg.com/fsevents/-/fsevents-2.3.3.tgz#cac6407785d03675a2a5e1a5305c697b347d90d6"
  integrity sha512-5xoDfX+fL7faATnagmWPpbFtwh/R77WmMMqqHGS65C3vvB0YHrgF+B1YmZ3441tMj5n63k0212XNoJwzlhffQw==

he@^1.2.0:
  version "1.2.0"
  resolved "https://registry.npmjs.org/he/-/he-1.2.0.tgz"
  integrity sha512-F/1DnUGPopORZi0ni+CvrCgHQ5FyEAHRLSApuYWMmrbSwoN2Mn/7k+Gl38gJnR7yyDZk6WLXwiGod1JOWNDKGw==

magic-string@^0.30.19:
  version "0.30.19"
  resolved "https://registry.npmjs.org/magic-string/-/magic-string-0.30.19.tgz"
  integrity sha512-2N21sPY9Ws53PZvsEpVtNuSW+ScYbQdp4b9qUaL+9QkHUrGFKo56Lg9Emg5s9V/qrtNBmiR01sYhUOwu3H+VOw==
  dependencies:
    "@jridgewell/sourcemap-codec" "^1.5.5"

muggle-string@^0.4.1:
  version "0.4.1"
  resolved "https://registry.npmjs.org/muggle-string/-/muggle-string-0.4.1.tgz"
  integrity sha512-VNTrAak/KhO2i8dqqnqnAHOa3cYBwXEZe9h+D5h/1ZqFSTEFHdM65lR7RoIqq3tBBYavsOXV84NoHXZ0AkPyqQ==

nanoid@^3.3.11:
  version "3.3.11"
  resolved "https://registry.npmjs.org/nanoid/-/nanoid-3.3.11.tgz"
  integrity sha512-N8SpfPUnUp1bK+PMYW8qSWdl9U+wwNWI4QKxOYDy9JAro3WMX7p2OeVRF9v+347pnakNevPmiHhNmZ2HbFA76w==

path-browserify@^1.0.1:
  version "1.0.1"
  resolved "https://registry.npmjs.org/path-browserify/-/path-browserify-1.0.1.tgz"
  integrity sha512-b7uo2UCUOYZcnF/3ID0lulOJi/bafxa1xPe7ZPsammBSpjSWQkjNxlt635YGS2MiR9GjvuXCtz2emr3jbsz98g==

picocolors@^1.1.1:
  version "1.1.1"
  resolved "https://registry.npmjs.org/picocolors/-/picocolors-1.1.1.tgz"
  integrity sha512-xceH2snhtb5M9liqDsmEw56le376mTZkEX/jEb/RxNFyegNul7eNslCXP9FDj/Lcu0X8KEyMceP2ntpaHrDEVA==

picomatch@^4.0.2:
  version "4.0.3"
  resolved "https://registry.npmjs.org/picomatch/-/picomatch-4.0.3.tgz"
  integrity sha512-5gTmgEY/sqK6gFXLIsQNH19lWb4ebPDLA4SdLP7dsWkIXHWlG66oPuVvXSGFPppYZz8ZDZq0dYYrbHfBCVUb1Q==

postcss@^8.4.31, postcss@^8.5.6:
  version "8.5.6"
  resolved "https://registry.npmjs.org/postcss/-/postcss-8.5.6.tgz"
  integrity sha512-3Ybi1tAuwAP9s0r1UQ2J4n5Y0G05bJkpUIO0/bI9MhwmD70S5aTWbXGBwxHrelT+XM1k6dM0pk+SwNkpTRN7Pg==
  dependencies:
    nanoid "^3.3.11"
    picocolors "^1.1.1"
    source-map-js "^1.2.1"

prettier@^3.6.2:
  version "3.6.2"
  resolved "https://registry.npmjs.org/prettier/-/prettier-3.6.2.tgz"
  integrity sha512-I7AIg5boAr5R0FFtJ6rCfD+LFsWHp81dolrFD8S79U9tb8Az2nGrJncnMSnys+bpQJfRUzqs9hnA81OAA3hCuQ==

rollup@^4.2.0:
  version "4.52.2"
  resolved "https://registry.npmjs.org/rollup/-/rollup-4.52.2.tgz"
  integrity sha512-I25/2QgoROE1vYV+NQ1En9T9UFB9Cmfm2CJ83zZOlaDpvz29wGQSZXWKw7MiNXau7wYgB/T9fVIdIuEQ+KbiiA==
  dependencies:
    "@types/estree" "1.0.8"
  optionalDependencies:
    "@rollup/rollup-android-arm-eabi" "4.52.2"
    "@rollup/rollup-android-arm64" "4.52.2"
    "@rollup/rollup-darwin-arm64" "4.52.2"
    "@rollup/rollup-darwin-x64" "4.52.2"
    "@rollup/rollup-freebsd-arm64" "4.52.2"
    "@rollup/rollup-freebsd-x64" "4.52.2"
    "@rollup/rollup-linux-arm-gnueabihf" "4.52.2"
    "@rollup/rollup-linux-arm-musleabihf" "4.52.2"
    "@rollup/rollup-linux-arm64-gnu" "4.52.2"
    "@rollup/rollup-linux-arm64-musl" "4.52.2"
    "@rollup/rollup-linux-loong64-gnu" "4.52.2"
    "@rollup/rollup-linux-ppc64-gnu" "4.52.2"
    "@rollup/rollup-linux-riscv64-gnu" "4.52.2"
    "@rollup/rollup-linux-riscv64-musl" "4.52.2"
    "@rollup/rollup-linux-s390x-gnu" "4.52.2"
    "@rollup/rollup-linux-x64-gnu" "4.52.2"
    "@rollup/rollup-linux-x64-musl" "4.52.2"
    "@rollup/rollup-openharmony-arm64" "4.52.2"
    "@rollup/rollup-win32-arm64-msvc" "4.52.2"
    "@rollup/rollup-win32-ia32-msvc" "4.52.2"
    "@rollup/rollup-win32-x64-gnu" "4.52.2"
    "@rollup/rollup-win32-x64-msvc" "4.52.2"
    fsevents "~2.3.2"

source-map-js@^1.2.1:
  version "1.2.1"
  resolved "https://registry.npmjs.org/source-map-js/-/source-map-js-1.2.1.tgz"
  integrity sha512-UXWMKhLOwVKb728IUtQPXxfYU+usdybtUrK/8uGE8CQMvrhOpwvzDBwj0QhSL7MQc7vIsISBG8VQ8+IDQxpfQA==

todo-txt-ts@^1.0.3:
  version "1.0.3"
  resolved "https://registry.npmjs.org/todo-txt-ts/-/todo-txt-ts-1.0.3.tgz"
  integrity sha512-E8JU0RIu8zTAlNHH5qVghLPg6GMNcqn8OJpqYYZjC0ffWu7CJqKArMOjks119fZNKzRt/eCYCwpewlWFlRePAg==

typescript@^5.0.0:
  version "5.9.2"
  resolved "https://registry.npmjs.org/typescript/-/typescript-5.9.2.tgz"
  integrity sha512-CWBzXQrc/qOkhidw1OzBTQuYRbfyxDXJMVJ1XNwUHGROVmuaeiEm3OslpZ1RV96d7SKKjZKrSJu3+t/xlw3R9A==

undici-types@~6.21.0:
  version "6.21.0"
  resolved "https://registry.npmjs.org/undici-types/-/undici-types-6.21.0.tgz"
  integrity sha512-iwDZqg0QAGrg9Rav5H4n0M64c3mkR59cJ6wQp+7C4nI0gsmExaedaYLNO44eT4AtBBwjbTiGPMlt2Md0T9H9JQ==

vite@5.0.0:
  version "5.0.0"
  resolved "https://registry.npmjs.org/vite/-/vite-5.0.0.tgz"
  integrity sha512-ESJVM59mdyGpsiNAeHQOR/0fqNoOyWPYesFto8FFZugfmhdHx8Fzd8sF3Q/xkVhZsyOxHfdM7ieiVAorI9RjFw==
  dependencies:
    esbuild "^0.19.3"
    postcss "^8.4.31"
    rollup "^4.2.0"
  optionalDependencies:
    fsevents "~2.3.3"

vscode-uri@^3.0.8:
  version "3.1.0"
  resolved "https://registry.npmjs.org/vscode-uri/-/vscode-uri-3.1.0.tgz"
  integrity sha512-/BpdSx+yCQGnCvecbyXdxHDkuk55/G3xwnC0GqY4gmQ3j+A+g8kzzgB4Nk/SINjqn6+waqw3EgbVF2QKExkRxQ==

vue-router@^4.2.0:
  version "4.5.1"
  resolved "https://registry.npmjs.org/vue-router/-/vue-router-4.5.1.tgz"
  integrity sha512-ogAF3P97NPm8fJsE4by9dwSYtDwXIY1nFY9T6DyQnGHd1E2Da94w9JIolpe42LJGIl0DwOHBi8TcRPlPGwbTtw==
  dependencies:
    "@vue/devtools-api" "^6.6.4"

vue-tsc@^3.0.8:
  version "3.0.8"
  resolved "https://registry.npmjs.org/vue-tsc/-/vue-tsc-3.0.8.tgz"
  integrity sha512-H9yg/m6ywykmWS+pIAEs65v2FrVm5uOA0a0dHkX6Sx8dNg1a1m4iudt/6eGa9fAenmNHGlLFN9XpWQb8i5sU1w==
  dependencies:
    "@volar/typescript" "2.4.23"
    "@vue/language-core" "3.0.8"

vue@^3.4.0:
  version "3.5.22"
  resolved "https://registry.npmjs.org/vue/-/vue-3.5.22.tgz"
  integrity sha512-toaZjQ3a/G/mYaLSbV+QsQhIdMo9x5rrqIpYRObsJ6T/J+RyCSFwN2LHNVH9v8uIcljDNa3QzPVdv3Y6b9hAJQ==
  dependencies:
    "@vue/compiler-dom" "3.5.22"
    "@vue/compiler-sfc" "3.5.22"
    "@vue/runtime-dom" "3.5.22"
    "@vue/server-renderer" "3.5.22"
    "@vue/shared" "3.5.22"
